{
  "name": "demo-node-app",
  "version": "1.0.0",
  "lockfileVersion": 3,
  "requires": true,
  "packages": {
    "": {
      "name": "demo-node-app",
      "version": "1.0.0",
      "license": "ISC",
      "dependencies": {
        "jsguard-ai": "file:../.."
      }
    },
    "../..": {
      "version": "0.1.0",
      "license": "MIT",
      "devDependencies": {
        "@eslint/js": "^9.10.0",
        "eslint": "^9.10.0",
        "globals": "^15.9.0"
      }
    },
    "node_modules/jsguard-ai": {
      "resolved": "../..",
      "link": true
    }
  }
}
